
Microsoft Visual Studio Solution File, Format Version 12.00
# Visual Studio Version 16
VisualStudioVersion = 16.0.32126.315
MinimumVisualStudioVersion = 10.0.40219.1
Project("{FAE04EC0-301F-11D3-BF4B-00C04F79EFBC}") = "threaddemo", "threaddemo\threaddemo.csproj", "{FD3A0DD5-F94A-4300-A9F9-8361AC2C1F01}"
EndProject
Global
	GlobalSection(SolutionConfigurationPlatforms) = preSolution
		Debug|Any CPU = Debug|Any CPU
		Release|Any CPU = Release|Any CPU
	EndGlobalSection
	GlobalSection(ProjectConfigurationPlatforms) = postSolution
		{FD3A0DD5-F94A-4300-A9F9-8361AC2C1F01}.Debug|Any CPU.ActiveCfg = Debug|Any CPU
		{FD3A0DD5-F94A-4300-A9F9-8361AC2C1F01}.Debug|Any CPU.Build.0 = Debug|Any CPU
		{FD3A0DD5-F94A-4300-A9F9-8361AC2C1F01}.Release|Any CPU.ActiveCfg = Release|Any CPU
		{FD3A0DD5-F94A-4300-A9F9-8361AC2C1F01}.Release|Any CPU.Build.0 = Release|Any CPU
	EndGlobalSection
	GlobalSection(SolutionProperties) = preSolution
		HideSolutionNode = FALSE
	EndGlobalSection
	GlobalSection(ExtensibilityGlobals) = postSolution
		SolutionGuid = {FBC8D1D1-833A-45F4-8554-4BF444DA4E12}
	EndGlobalSection
EndGlobal
